
Microsoft Visual Studio Solution File, Format Version 12.00
# Visual Studio 15
VisualStudioVersion = 15.0.28307.106
MinimumVisualStudioVersion = 10.0.40219.1
Project("{FAE04EC0-301F-11D3-BF4B-00C04F79EFBC}") = "InitialMaker", "InitialMaker\InitialMaker.csproj", "{A401512B-E363-47A9-A548-2585A75A61E0}"
EndProject
Global
	GlobalSection(SolutionConfigurationPlatforms) = preSolution
		Debug|Any CPU = Debug|Any CPU
		Release|Any CPU = Release|Any CPU
	EndGlobalSection
	GlobalSection(ProjectConfigurationPlatforms) = postSolution
		{A401512B-E363-47A9-A548-2585A75A61E0}.Debug|Any CPU.ActiveCfg = Debug|Any CPU
		{A401512B-E363-47A9-A548-2585A75A61E0}.Debug|Any CPU.Build.0 = Debug|Any CPU
		{A401512B-E363-47A9-A548-2585A75A61E0}.Release|Any CPU.ActiveCfg = Release|Any CPU
		{A401512B-E363-47A9-A548-2585A75A61E0}.Release|Any CPU.Build.0 = Release|Any CPU
	EndGlobalSection
	GlobalSection(SolutionProperties) = preSolution
		HideSolutionNode = FALSE
	EndGlobalSection
	GlobalSection(ExtensibilityGlobals) = postSolution
		SolutionGuid = {EDFB1366-D82E-43CA-8510-599A486D3ADE}
	EndGlobalSection
EndGlobal
